
Microsoft Visual Studio Solution File, Format Version 12.00
# Visual Studio 15
VisualStudioVersion = 15.0.26730.16
MinimumVisualStudioVersion = 10.0.40219.1
Project("{FAE04EC0-301F-11D3-BF4B-00C04F79EFBC}") = "DndCharacterGenerator", "DndCharacterGenerator\DndCharacterGenerator.csproj", "{B17FB3BA-366C-44F7-8B22-09FAAED5782D}"
EndProject
Global
	GlobalSection(SolutionConfigurationPlatforms) = preSolution
		Debug|Any CPU = Debug|Any CPU
		Release|Any CPU = Release|Any CPU
	EndGlobalSection
	GlobalSection(ProjectConfigurationPlatforms) = postSolution
		{B17FB3BA-366C-44F7-8B22-09FAAED5782D}.Debug|Any CPU.ActiveCfg = Debug|Any CPU
		{B17FB3BA-366C-44F7-8B22-09FAAED5782D}.Debug|Any CPU.Build.0 = Debug|Any CPU
		{B17FB3BA-366C-44F7-8B22-09FAAED5782D}.Release|Any CPU.ActiveCfg = Release|Any CPU
		{B17FB3BA-366C-44F7-8B22-09FAAED5782D}.Release|Any CPU.Build.0 = Release|Any CPU
	EndGlobalSection
	GlobalSection(SolutionProperties) = preSolution
		HideSolutionNode = FALSE
	EndGlobalSection
	GlobalSection(ExtensibilityGlobals) = postSolution
		SolutionGuid = {73F8487D-49B0-4548-BA37-D79A99F2099C}
	EndGlobalSection
EndGlobal
